
Microsoft Visual Studio Solution File, Format Version 12.00
# Visual Studio Version 16
VisualStudioVersion = 16.0.30717.126
MinimumVisualStudioVersion = 10.0.40219.1
Project("{9A19103F-16F7-4668-BE54-9A1E7A4F7556}") = "Library.WebApp", "Library.WebApp\Library.WebApp.csproj", "{9CE6E30C-96DB-48EF-A9D3-88CE9D57F99E}"
EndProject
Project("{FAE04EC0-301F-11D3-BF4B-00C04F79EFBC}") = "Library.Entities", "Library.Entities\Library.Entities.csproj", "{29B9F162-452C-43FD-8157-8D927E9E9E0A}"
EndProject
Project("{FAE04EC0-301F-11D3-BF4B-00C04F79EFBC}") = "Library.Context", "Library.Context\Library.Context.csproj", "{E9131B12-69CB-49C3-9A96-68A2BD1BA2CF}"
EndProject
Project("{FAE04EC0-301F-11D3-BF4B-00C04F79EFBC}") = "Library.Repositories", "Library.Repositories\Library.Repositories.csproj", "{CCAAADD1-A4DA-40DB-A743-4E6F2BB247D2}"
EndProject
Project("{FAE04EC0-301F-11D3-BF4B-00C04F79EFBC}") = "Library.Domain", "Library.Domain\Library.Domain.csproj", "{D0BE376A-C82A-4145-9886-5F0C8395760D}"
EndProject
Global
	GlobalSection(SolutionConfigurationPlatforms) = preSolution
		Debug|Any CPU = Debug|Any CPU
		Release|Any CPU = Release|Any CPU
	EndGlobalSection
	GlobalSection(ProjectConfigurationPlatforms) = postSolution
		{9CE6E30C-96DB-48EF-A9D3-88CE9D57F99E}.Debug|Any CPU.ActiveCfg = Debug|Any CPU
		{9CE6E30C-96DB-48EF-A9D3-88CE9D57F99E}.Debug|Any CPU.Build.0 = Debug|Any CPU
		{9CE6E30C-96DB-48EF-A9D3-88CE9D57F99E}.Release|Any CPU.ActiveCfg = Release|Any CPU
		{9CE6E30C-96DB-48EF-A9D3-88CE9D57F99E}.Release|Any CPU.Build.0 = Release|Any CPU
		{29B9F162-452C-43FD-8157-8D927E9E9E0A}.Debug|Any CPU.ActiveCfg = Debug|Any CPU
		{29B9F162-452C-43FD-8157-8D927E9E9E0A}.Debug|Any CPU.Build.0 = Debug|Any CPU
		{29B9F162-452C-43FD-8157-8D927E9E9E0A}.Release|Any CPU.ActiveCfg = Release|Any CPU
		{29B9F162-452C-43FD-8157-8D927E9E9E0A}.Release|Any CPU.Build.0 = Release|Any CPU
		{E9131B12-69CB-49C3-9A96-68A2BD1BA2CF}.Debug|Any CPU.ActiveCfg = Debug|Any CPU
		{E9131B12-69CB-49C3-9A96-68A2BD1BA2CF}.Debug|Any CPU.Build.0 = Debug|Any CPU
		{E9131B12-69CB-49C3-9A96-68A2BD1BA2CF}.Release|Any CPU.ActiveCfg = Release|Any CPU
		{E9131B12-69CB-49C3-9A96-68A2BD1BA2CF}.Release|Any CPU.Build.0 = Release|Any CPU
		{CCAAADD1-A4DA-40DB-A743-4E6F2BB247D2}.Debug|Any CPU.ActiveCfg = Debug|Any CPU
		{CCAAADD1-A4DA-40DB-A743-4E6F2BB247D2}.Debug|Any CPU.Build.0 = Debug|Any CPU
		{CCAAADD1-A4DA-40DB-A743-4E6F2BB247D2}.Release|Any CPU.ActiveCfg = Release|Any CPU
		{CCAAADD1-A4DA-40DB-A743-4E6F2BB247D2}.Release|Any CPU.Build.0 = Release|Any CPU
		{D0BE376A-C82A-4145-9886-5F0C8395760D}.Debug|Any CPU.ActiveCfg = Debug|Any CPU
		{D0BE376A-C82A-4145-9886-5F0C8395760D}.Debug|Any CPU.Build.0 = Debug|Any CPU
		{D0BE376A-C82A-4145-9886-5F0C8395760D}.Release|Any CPU.ActiveCfg = Release|Any CPU
		{D0BE376A-C82A-4145-9886-5F0C8395760D}.Release|Any CPU.Build.0 = Release|Any CPU
	EndGlobalSection
	GlobalSection(SolutionProperties) = preSolution
		HideSolutionNode = FALSE
	EndGlobalSection
	GlobalSection(ExtensibilityGlobals) = postSolution
		SolutionGuid = {298A3DC7-84C4-4AB0-8315-45CEC6DB0A14}
	EndGlobalSection
EndGlobal
